
Microsoft Visual Studio Solution File, Format Version 12.00
# Visual Studio Version 17
VisualStudioVersion = 17.7.34202.233
MinimumVisualStudioVersion = 10.0.40219.1
Project("{FAE04EC0-301F-11D3-BF4B-00C04F79EFBC}") = "AoC2023", "AoC2023\AoC2023.csproj", "{2BBBE355-BFC0-4AB9-ADF0-0F609F0D536F}"
EndProject
Global
	GlobalSection(SolutionConfigurationPlatforms) = preSolution
		Debug|Any CPU = Debug|Any CPU
		Release|Any CPU = Release|Any CPU
	EndGlobalSection
	GlobalSection(ProjectConfigurationPlatforms) = postSolution
		{2BBBE355-BFC0-4AB9-ADF0-0F609F0D536F}.Debug|Any CPU.ActiveCfg = Debug|Any CPU
		{2BBBE355-BFC0-4AB9-ADF0-0F609F0D536F}.Debug|Any CPU.Build.0 = Debug|Any CPU
		{2BBBE355-BFC0-4AB9-ADF0-0F609F0D536F}.Release|Any CPU.ActiveCfg = Release|Any CPU
		{2BBBE355-BFC0-4AB9-ADF0-0F609F0D536F}.Release|Any CPU.Build.0 = Release|Any CPU
	EndGlobalSection
	GlobalSection(SolutionProperties) = preSolution
		HideSolutionNode = FALSE
	EndGlobalSection
	GlobalSection(ExtensibilityGlobals) = postSolution
		SolutionGuid = {C8AAAB92-E583-449E-9EBD-71CAC91D4AE6}
	EndGlobalSection
EndGlobal
